
Microsoft Visual Studio Solution File, Format Version 12.00
# Visual Studio Version 17
VisualStudioVersion = 17.4.33205.214
MinimumVisualStudioVersion = 10.0.40219.1
Project("{9A19103F-16F7-4668-BE54-9A1E7A4F7556}") = "mike_and_conquer_monogame", "mike_and_conquer_monogame\mike_and_conquer_monogame.csproj", "{D3B3BFF1-06D5-4A9C-A221-54C1CCA4A8B0}"
EndProject
Project("{9A19103F-16F7-4668-BE54-9A1E7A4F7556}") = "mike_and_conquer_simulation", "mike_and_conquer_simulation\mike_and_conquer_simulation.csproj", "{52DB7130-76AE-4FC1-84EC-6F345A341CF0}"
EndProject
Global
	GlobalSection(SolutionConfigurationPlatforms) = preSolution
		Debug|Any CPU = Debug|Any CPU
		Release|Any CPU = Release|Any CPU
	EndGlobalSection
	GlobalSection(ProjectConfigurationPlatforms) = postSolution
		{D3B3BFF1-06D5-4A9C-A221-54C1CCA4A8B0}.Debug|Any CPU.ActiveCfg = Debug|Any CPU
		{D3B3BFF1-06D5-4A9C-A221-54C1CCA4A8B0}.Debug|Any CPU.Build.0 = Debug|Any CPU
		{D3B3BFF1-06D5-4A9C-A221-54C1CCA4A8B0}.Release|Any CPU.ActiveCfg = Release|Any CPU
		{D3B3BFF1-06D5-4A9C-A221-54C1CCA4A8B0}.Release|Any CPU.Build.0 = Release|Any CPU
		{52DB7130-76AE-4FC1-84EC-6F345A341CF0}.Debug|Any CPU.ActiveCfg = Debug|Any CPU
		{52DB7130-76AE-4FC1-84EC-6F345A341CF0}.Debug|Any CPU.Build.0 = Debug|Any CPU
		{52DB7130-76AE-4FC1-84EC-6F345A341CF0}.Release|Any CPU.ActiveCfg = Release|Any CPU
		{52DB7130-76AE-4FC1-84EC-6F345A341CF0}.Release|Any CPU.Build.0 = Release|Any CPU
	EndGlobalSection
	GlobalSection(SolutionProperties) = preSolution
		HideSolutionNode = FALSE
	EndGlobalSection
	GlobalSection(ExtensibilityGlobals) = postSolution
		SolutionGuid = {9E625806-5BAB-44C9-81FB-8F32E107A49E}
	EndGlobalSection
EndGlobal
